<?xml version="1.0" encoding="UTF-8" standalone="yes" ?>
<CodeBlocks_project_file>
	<FileVersion major="1" minor="6" />
	<Project>
		<Option title="compiler" />
		<Option pch_mode="2" />
		<Option compiler="gcc" />
		<Build>
			<Target title="Debug">
				<Option output="compiler" prefix_auto="1" extension_auto="1" />
				<Option object_output="obj/Debug/" />
				<Option type="1" />
				<Option compiler="gcc" />
				<Compiler>
					<Add option="-g" />
					<Add directory="src" />
					<Add directory="src/lex" />
					<Add directory="src/grammar" />
					<Add directory="src/elements" />
					<Add directory="log" />
					<Add directory="src/elements/2" />
					<Add directory="src/elements/4" />
					<Add directory="src/elements/10" />
					<Add directory="src/elements/11" />
				</Compiler>
			</Target>
			<Target title="Release">
				<Option output="bin/Release/compiler" prefix_auto="1" extension_auto="1" />
				<Option object_output="obj/Release/" />
				<Option type="1" />
				<Option compiler="gcc" />
				<Compiler>
					<Add option="-O2" />
					<Add directory="include" />
					<Add directory="src/elements" />
				</Compiler>
				<Linker>
					<Add option="-s" />
				</Linker>
			</Target>
		</Build>
		<Compiler>
			<Add option="-Wall" />
			<Add option="-fexceptions" />
		</Compiler>
		<Unit filename="log/log.cpp" />
		<Unit filename="log/log.h" />
		<Unit filename="main.cpp" />
		<Unit filename="src/elements/10/CompoundStatement.cpp" />
		<Unit filename="src/elements/10/CompoundStatement.h" />
		<Unit filename="src/elements/11/MainFunc.cpp" />
		<Unit filename="src/elements/11/MainFunc.h" />
		<Unit filename="src/elements/2/Integer.cpp" />
		<Unit filename="src/elements/2/Integer.h" />
		<Unit filename="src/elements/4/ConstDecl.cpp" />
		<Unit filename="src/elements/4/ConstDecl.h" />
		<Unit filename="src/elements/4/ConstDefine.cpp" />
		<Unit filename="src/elements/4/ConstDefine.h" />
		<Unit filename="src/elements/4/VarDecl.cpp" />
		<Unit filename="src/elements/4/VarDecl.h" />
		<Unit filename="src/elements/Element.h" />
		<Unit filename="src/elements/FuncDefine.cpp" />
		<Unit filename="src/elements/FuncDefine.h" />
		<Unit filename="src/elements/Program.cpp" />
		<Unit filename="src/elements/Program.h" />
		<Unit filename="src/grammar/GrammarAnalyzer.cpp" />
		<Unit filename="src/grammar/GrammarAnalyzer.h" />
		<Unit filename="src/grammar/construct/construct_10.cpp" />
		<Unit filename="src/grammar/construct/construct_11.cpp" />
		<Unit filename="src/grammar/construct/construct_2.cpp" />
		<Unit filename="src/grammar/construct/construct_4.cpp" />
		<Unit filename="src/lex/LexAnalyzer.cpp" />
		<Unit filename="src/lex/LexAnalyzer.h" />
		<Unit filename="src/lex/LexAnalyzer_static.cpp" />
		<Unit filename="src/symbol.cpp" />
		<Unit filename="src/symbol.h" />
		<Unit filename="test/gra_test.cpp" />
		<Unit filename="test/lex_test.cpp" />
		<Extensions>
			<code_completion />
			<envvars />
			<debugger />
			<lib_finder disable_auto="1" />
		</Extensions>
	</Project>
</CodeBlocks_project_file>
